
Microsoft Visual Studio Solution File, Format Version 12.00
# Visual Studio Version 16
VisualStudioVersion = 16.0.29911.84
MinimumVisualStudioVersion = 10.0.40219.1
Project("{FAE04EC0-301F-11D3-BF4B-00C04F79EFBC}") = "ReporteCanalContacto", "ReporteCanalContacto\ReporteCanalContacto.csproj", "{51532415-A930-4535-B0EC-66F7449444D3}"
EndProject
Global
	GlobalSection(SolutionConfigurationPlatforms) = preSolution
		Debug|Any CPU = Debug|Any CPU
		Release|Any CPU = Release|Any CPU
	EndGlobalSection
	GlobalSection(ProjectConfigurationPlatforms) = postSolution
		{51532415-A930-4535-B0EC-66F7449444D3}.Debug|Any CPU.ActiveCfg = Debug|Any CPU
		{51532415-A930-4535-B0EC-66F7449444D3}.Debug|Any CPU.Build.0 = Debug|Any CPU
		{51532415-A930-4535-B0EC-66F7449444D3}.Release|Any CPU.ActiveCfg = Release|Any CPU
		{51532415-A930-4535-B0EC-66F7449444D3}.Release|Any CPU.Build.0 = Release|Any CPU
	EndGlobalSection
	GlobalSection(SolutionProperties) = preSolution
		HideSolutionNode = FALSE
	EndGlobalSection
	GlobalSection(ExtensibilityGlobals) = postSolution
		SolutionGuid = {74905B1A-09E8-470B-AE7E-3443604EC5A8}
	EndGlobalSection
EndGlobal
